
Microsoft Visual Studio Solution File, Format Version 12.00
# Visual Studio 2012
Project("{FAE04EC0-301F-11D3-BF4B-00C04F79EFBC}") = "TypeScript Invaders", "TypeScript Invaders\TypeScript Invaders.csproj", "{741EFB8B-B4D8-400B-B9BE-BC34CDE04C13}"
EndProject
Global
	GlobalSection(SolutionConfigurationPlatforms) = preSolution
		Debug|Any CPU = Debug|Any CPU
		Release|Any CPU = Release|Any CPU
	EndGlobalSection
	GlobalSection(ProjectConfigurationPlatforms) = postSolution
		{741EFB8B-B4D8-400B-B9BE-BC34CDE04C13}.Debug|Any CPU.ActiveCfg = Debug|Any CPU
		{741EFB8B-B4D8-400B-B9BE-BC34CDE04C13}.Debug|Any CPU.Build.0 = Debug|Any CPU
		{741EFB8B-B4D8-400B-B9BE-BC34CDE04C13}.Release|Any CPU.ActiveCfg = Release|Any CPU
		{741EFB8B-B4D8-400B-B9BE-BC34CDE04C13}.Release|Any CPU.Build.0 = Release|Any CPU
	EndGlobalSection
	GlobalSection(SolutionProperties) = preSolution
		HideSolutionNode = FALSE
	EndGlobalSection
EndGlobal
